
Microsoft Visual Studio Solution File, Format Version 12.00
# Visual Studio Version 16
VisualStudioVersion = 16.0.31727.386
MinimumVisualStudioVersion = 10.0.40219.1
Project("{9A19103F-16F7-4668-BE54-9A1E7A4F7556}") = "HomeTask1", "HomeTask1\HomeTask1.csproj", "{5EF43AA3-A1F7-41DF-AD85-691A46553C9B}"
EndProject
Project("{9A19103F-16F7-4668-BE54-9A1E7A4F7556}") = "HomeTask2", "HomeTask2\HomeTask2.csproj", "{1A9324E9-810A-4127-B2CF-5AEA20A72140}"
EndProject
Project("{9A19103F-16F7-4668-BE54-9A1E7A4F7556}") = "AuthenticationIfElse", "HomeTask3\AuthenticationIfElse.csproj", "{90314BC2-073F-40AF-A56F-F7FEEF88ACFE}"
EndProject
Project("{9A19103F-16F7-4668-BE54-9A1E7A4F7556}") = "AuthenticationTernary", "AuthenticationTernary\AuthenticationTernary.csproj", "{8899D964-0761-4DC7-AF43-CB79686EA652}"
EndProject
Project("{9A19103F-16F7-4668-BE54-9A1E7A4F7556}") = "AuthenticationSwitch", "AuthenticationSwitch\AuthenticationSwitch.csproj", "{A4720282-B438-4658-8882-F6717664E025}"
EndProject
Project("{9A19103F-16F7-4668-BE54-9A1E7A4F7556}") = "HomeTask4", "HomeTask4\HomeTask4.csproj", "{41E241AE-40CF-4560-BFEE-0835342FF121}"
EndProject
Project("{9A19103F-16F7-4668-BE54-9A1E7A4F7556}") = "HomeTask5", "HomeTask5\HomeTask5.csproj", "{4E40DE3F-040B-44ED-B86F-EC69E0FD2D8C}"
EndProject
Project("{9A19103F-16F7-4668-BE54-9A1E7A4F7556}") = "HomeTask6", "HomeTask6\HomeTask6.csproj", "{52213343-7624-4CFB-8F25-5799FD9206D4}"
EndProject
Project("{9A19103F-16F7-4668-BE54-9A1E7A4F7556}") = "HomeTask7", "HomeTask7\HomeTask7.csproj", "{85D90904-6626-4004-BC60-64EBF6B8F2EA}"
EndProject
Project("{9A19103F-16F7-4668-BE54-9A1E7A4F7556}") = "HomeTask8", "HomeTask8\HomeTask8.csproj", "{640CFCD0-916B-4D9C-9C6E-CDAD75F50403}"
EndProject
Project("{FAE04EC0-301F-11D3-BF4B-00C04F79EFBC}") = "HomeTask9", "HomeTask9\HomeTask9.csproj", "{DB37DE06-F5B1-4E53-B957-1A0B7E36F166}"
EndProject
Global
	GlobalSection(SolutionConfigurationPlatforms) = preSolution
		Debug|Any CPU = Debug|Any CPU
		Release|Any CPU = Release|Any CPU
	EndGlobalSection
	GlobalSection(ProjectConfigurationPlatforms) = postSolution
		{5EF43AA3-A1F7-41DF-AD85-691A46553C9B}.Debug|Any CPU.ActiveCfg = Debug|Any CPU
		{5EF43AA3-A1F7-41DF-AD85-691A46553C9B}.Debug|Any CPU.Build.0 = Debug|Any CPU
		{5EF43AA3-A1F7-41DF-AD85-691A46553C9B}.Release|Any CPU.ActiveCfg = Release|Any CPU
		{5EF43AA3-A1F7-41DF-AD85-691A46553C9B}.Release|Any CPU.Build.0 = Release|Any CPU
		{1A9324E9-810A-4127-B2CF-5AEA20A72140}.Debug|Any CPU.ActiveCfg = Debug|Any CPU
		{1A9324E9-810A-4127-B2CF-5AEA20A72140}.Debug|Any CPU.Build.0 = Debug|Any CPU
		{1A9324E9-810A-4127-B2CF-5AEA20A72140}.Release|Any CPU.ActiveCfg = Release|Any CPU
		{1A9324E9-810A-4127-B2CF-5AEA20A72140}.Release|Any CPU.Build.0 = Release|Any CPU
		{90314BC2-073F-40AF-A56F-F7FEEF88ACFE}.Debug|Any CPU.ActiveCfg = Debug|Any CPU
		{90314BC2-073F-40AF-A56F-F7FEEF88ACFE}.Debug|Any CPU.Build.0 = Debug|Any CPU
		{90314BC2-073F-40AF-A56F-F7FEEF88ACFE}.Release|Any CPU.ActiveCfg = Release|Any CPU
		{90314BC2-073F-40AF-A56F-F7FEEF88ACFE}.Release|Any CPU.Build.0 = Release|Any CPU
		{8899D964-0761-4DC7-AF43-CB79686EA652}.Debug|Any CPU.ActiveCfg = Debug|Any CPU
		{8899D964-0761-4DC7-AF43-CB79686EA652}.Debug|Any CPU.Build.0 = Debug|Any CPU
		{8899D964-0761-4DC7-AF43-CB79686EA652}.Release|Any CPU.ActiveCfg = Release|Any CPU
		{8899D964-0761-4DC7-AF43-CB79686EA652}.Release|Any CPU.Build.0 = Release|Any CPU
		{A4720282-B438-4658-8882-F6717664E025}.Debug|Any CPU.ActiveCfg = Debug|Any CPU
		{A4720282-B438-4658-8882-F6717664E025}.Debug|Any CPU.Build.0 = Debug|Any CPU
		{A4720282-B438-4658-8882-F6717664E025}.Release|Any CPU.ActiveCfg = Release|Any CPU
		{A4720282-B438-4658-8882-F6717664E025}.Release|Any CPU.Build.0 = Release|Any CPU
		{41E241AE-40CF-4560-BFEE-0835342FF121}.Debug|Any CPU.ActiveCfg = Debug|Any CPU
		{41E241AE-40CF-4560-BFEE-0835342FF121}.Debug|Any CPU.Build.0 = Debug|Any CPU
		{41E241AE-40CF-4560-BFEE-0835342FF121}.Release|Any CPU.ActiveCfg = Release|Any CPU
		{41E241AE-40CF-4560-BFEE-0835342FF121}.Release|Any CPU.Build.0 = Release|Any CPU
		{4E40DE3F-040B-44ED-B86F-EC69E0FD2D8C}.Debug|Any CPU.ActiveCfg = Debug|Any CPU
		{4E40DE3F-040B-44ED-B86F-EC69E0FD2D8C}.Debug|Any CPU.Build.0 = Debug|Any CPU
		{4E40DE3F-040B-44ED-B86F-EC69E0FD2D8C}.Release|Any CPU.ActiveCfg = Release|Any CPU
		{4E40DE3F-040B-44ED-B86F-EC69E0FD2D8C}.Release|Any CPU.Build.0 = Release|Any CPU
		{52213343-7624-4CFB-8F25-5799FD9206D4}.Debug|Any CPU.ActiveCfg = Debug|Any CPU
		{52213343-7624-4CFB-8F25-5799FD9206D4}.Debug|Any CPU.Build.0 = Debug|Any CPU
		{52213343-7624-4CFB-8F25-5799FD9206D4}.Release|Any CPU.ActiveCfg = Release|Any CPU
		{52213343-7624-4CFB-8F25-5799FD9206D4}.Release|Any CPU.Build.0 = Release|Any CPU
		{85D90904-6626-4004-BC60-64EBF6B8F2EA}.Debug|Any CPU.ActiveCfg = Debug|Any CPU
		{85D90904-6626-4004-BC60-64EBF6B8F2EA}.Debug|Any CPU.Build.0 = Debug|Any CPU
		{85D90904-6626-4004-BC60-64EBF6B8F2EA}.Release|Any CPU.ActiveCfg = Release|Any CPU
		{85D90904-6626-4004-BC60-64EBF6B8F2EA}.Release|Any CPU.Build.0 = Release|Any CPU
		{640CFCD0-916B-4D9C-9C6E-CDAD75F50403}.Debug|Any CPU.ActiveCfg = Debug|Any CPU
		{640CFCD0-916B-4D9C-9C6E-CDAD75F50403}.Debug|Any CPU.Build.0 = Debug|Any CPU
		{640CFCD0-916B-4D9C-9C6E-CDAD75F50403}.Release|Any CPU.ActiveCfg = Release|Any CPU
		{640CFCD0-916B-4D9C-9C6E-CDAD75F50403}.Release|Any CPU.Build.0 = Release|Any CPU
		{DB37DE06-F5B1-4E53-B957-1A0B7E36F166}.Debug|Any CPU.ActiveCfg = Debug|Any CPU
		{DB37DE06-F5B1-4E53-B957-1A0B7E36F166}.Debug|Any CPU.Build.0 = Debug|Any CPU
		{DB37DE06-F5B1-4E53-B957-1A0B7E36F166}.Release|Any CPU.ActiveCfg = Release|Any CPU
		{DB37DE06-F5B1-4E53-B957-1A0B7E36F166}.Release|Any CPU.Build.0 = Release|Any CPU
	EndGlobalSection
	GlobalSection(SolutionProperties) = preSolution
		HideSolutionNode = FALSE
	EndGlobalSection
	GlobalSection(ExtensibilityGlobals) = postSolution
		SolutionGuid = {41D95B35-2295-469C-BB6D-A1C7BF66EE3F}
	EndGlobalSection
EndGlobal
